// !$*UTF8*$!
{
	archiveVersion = 1;
	classes = {
	};
	objectVersion = 55;
	objects = {

/* Begin PBXBuildFile section */
		E60EBA1C28C89DB300B865E2 /* Components in Frameworks */ = {isa = PBXBuildFile; productRef = E60EBA1B28C89DB300B865E2 /* Components */; };
		E60EBA1E28C89DB700B865E2 /* Components in Frameworks */ = {isa = PBXBuildFile; productRef = E60EBA1D28C89DB700B865E2 /* Components */; };
		E63933A528C1F729007C1F79 /* AppState.swift in Sources */ = {isa = PBXBuildFile; fileRef = E63933A428C1F729007C1F79 /* AppState.swift */; };
		E63933A628C1F729007C1F79 /* AppState.swift in Sources */ = {isa = PBXBuildFile; fileRef = E63933A428C1F729007C1F79 /* AppState.swift */; };
		E64D7CFE28D0A56B00D99FA5 /* HomeTablet.swift in Sources */ = {isa = PBXBuildFile; fileRef = E64D7CFD28D0A56B00D99FA5 /* HomeTablet.swift */; };
		E64D7CFF28D0A56B00D99FA5 /* HomeTablet.swift in Sources */ = {isa = PBXBuildFile; fileRef = E64D7CFD28D0A56B00D99FA5 /* HomeTablet.swift */; };
		E64D7D0428D0A5BD00D99FA5 /* DetailPanel.swift in Sources */ = {isa = PBXBuildFile; fileRef = E64D7D0328D0A5BD00D99FA5 /* DetailPanel.swift */; };
		E64D7D0528D0A5BD00D99FA5 /* DetailPanel.swift in Sources */ = {isa = PBXBuildFile; fileRef = E64D7D0328D0A5BD00D99FA5 /* DetailPanel.swift */; };
		E65921A228D0E216007518C8 /* HomeDesktop.swift in Sources */ = {isa = PBXBuildFile; fileRef = E65921A028D0E216007518C8 /* HomeDesktop.swift */; };
		E6624C6728C0984800DE292F /* Features in Frameworks */ = {isa = PBXBuildFile; productRef = E6624C6628C0984800DE292F /* Features */; };
		E6624C6928C0985200DE292F /* Features in Frameworks */ = {isa = PBXBuildFile; productRef = E6624C6828C0985200DE292F /* Features */; };
		E67160DB28BCFE8200F79DA2 /* iVectorApp.swift in Sources */ = {isa = PBXBuildFile; fileRef = E67160CB28BCFE8000F79DA2 /* iVectorApp.swift */; };
		E67160DC28BCFE8200F79DA2 /* iVectorApp.swift in Sources */ = {isa = PBXBuildFile; fileRef = E67160CB28BCFE8000F79DA2 /* iVectorApp.swift */; };
		E67160DF28BCFE8200F79DA2 /* Assets.xcassets in Resources */ = {isa = PBXBuildFile; fileRef = E67160CD28BCFE8200F79DA2 /* Assets.xcassets */; };
		E67160E028BCFE8200F79DA2 /* Assets.xcassets in Resources */ = {isa = PBXBuildFile; fileRef = E67160CD28BCFE8200F79DA2 /* Assets.xcassets */; };
		E68461A428DE25A700A83CB0 /* HomePhone.swift in Sources */ = {isa = PBXBuildFile; fileRef = E68461A328DE25A700A83CB0 /* HomePhone.swift */; };
		E68461A928DF094700A83CB0 /* ComposableArchitecture in Frameworks */ = {isa = PBXBuildFile; productRef = E68461A828DF094700A83CB0 /* ComposableArchitecture */; };
		E68461D628DF460500A83CB0 /* ComposableArchitecture in Frameworks */ = {isa = PBXBuildFile; productRef = E68461D528DF460500A83CB0 /* ComposableArchitecture */; };
		E697105828E9AD9300A0B2D0 /* Config.swift in Sources */ = {isa = PBXBuildFile; fileRef = E697105728E9AD9300A0B2D0 /* Config.swift */; };
		E697105928E9AD9300A0B2D0 /* Config.swift in Sources */ = {isa = PBXBuildFile; fileRef = E697105728E9AD9300A0B2D0 /* Config.swift */; };
		E697105A28E9AF3A00A0B2D0 /* Mock.xcconfig in Resources */ = {isa = PBXBuildFile; fileRef = E697105228E9ACFB00A0B2D0 /* Mock.xcconfig */; };
		E697105B28E9AF3A00A0B2D0 /* Live.xcconfig in Resources */ = {isa = PBXBuildFile; fileRef = E697105328E9AD0300A0B2D0 /* Live.xcconfig */; };
		E697105C28E9AF3A00A0B2D0 /* Mock.xcconfig in Resources */ = {isa = PBXBuildFile; fileRef = E697105228E9ACFB00A0B2D0 /* Mock.xcconfig */; };
		E697105D28E9AF3A00A0B2D0 /* Live.xcconfig in Resources */ = {isa = PBXBuildFile; fileRef = E697105328E9AD0300A0B2D0 /* Live.xcconfig */; };
		E697106228EAC0DC00A0B2D0 /* Programmator in Frameworks */ = {isa = PBXBuildFile; productRef = E697106128EAC0DC00A0B2D0 /* Programmator */; };
		E697106428EAC20400A0B2D0 /* Programmator in Frameworks */ = {isa = PBXBuildFile; productRef = E697106328EAC20400A0B2D0 /* Programmator */; };
		E6C35C1E28BD0D090098F78A /* Connection in Frameworks */ = {isa = PBXBuildFile; productRef = E6C35C1D28BD0D090098F78A /* Connection */; };
		E6C35C7428BF5E140098F78A /* Connection in Frameworks */ = {isa = PBXBuildFile; productRef = E6C35C7328BF5E140098F78A /* Connection */; };
/* End PBXBuildFile section */

/* Begin PBXFileReference section */
		E6092F0228C7168800AEFF55 /* Components */ = {isa = PBXFileReference; lastKnownFileType = wrapper; path = Components; sourceTree = "<group>"; };
		E63933A428C1F729007C1F79 /* AppState.swift */ = {isa = PBXFileReference; lastKnownFileType = sourcecode.swift; path = AppState.swift; sourceTree = "<group>"; };
		E64D7CFD28D0A56B00D99FA5 /* HomeTablet.swift */ = {isa = PBXFileReference; lastKnownFileType = sourcecode.swift; path = HomeTablet.swift; sourceTree = "<group>"; };
		E64D7D0328D0A5BD00D99FA5 /* DetailPanel.swift */ = {isa = PBXFileReference; lastKnownFileType = sourcecode.swift; path = DetailPanel.swift; sourceTree = "<group>"; };
		E65921A028D0E216007518C8 /* HomeDesktop.swift */ = {isa = PBXFileReference; lastKnownFileType = sourcecode.swift; path = HomeDesktop.swift; sourceTree = "<group>"; };
		E67160CB28BCFE8000F79DA2 /* iVectorApp.swift */ = {isa = PBXFileReference; lastKnownFileType = sourcecode.swift; path = iVectorApp.swift; sourceTree = "<group>"; };
		E67160CD28BCFE8200F79DA2 /* Assets.xcassets */ = {isa = PBXFileReference; lastKnownFileType = folder.assetcatalog; path = Assets.xcassets; sourceTree = "<group>"; };
		E67160D228BCFE8200F79DA2 /* iVector.app */ = {isa = PBXFileReference; explicitFileType = wrapper.application; includeInIndex = 0; path = iVector.app; sourceTree = BUILT_PRODUCTS_DIR; };
		E67160D828BCFE8200F79DA2 /* iVector.app */ = {isa = PBXFileReference; explicitFileType = wrapper.application; includeInIndex = 0; path = iVector.app; sourceTree = BUILT_PRODUCTS_DIR; };
		E67160DA28BCFE8200F79DA2 /* macOS.entitlements */ = {isa = PBXFileReference; lastKnownFileType = text.plist.entitlements; path = macOS.entitlements; sourceTree = "<group>"; };
		E67160E928BCFF0B00F79DA2 /* Connection */ = {isa = PBXFileReference; lastKnownFileType = wrapper; path = Connection; sourceTree = "<group>"; };
		E68461A328DE25A700A83CB0 /* HomePhone.swift */ = {isa = PBXFileReference; lastKnownFileType = sourcecode.swift; path = HomePhone.swift; sourceTree = "<group>"; };
		E697104A28E5A90900A0B2D0 /* Programmator */ = {isa = PBXFileReference; lastKnownFileType = wrapper; path = Programmator; sourceTree = "<group>"; };
		E697105228E9ACFB00A0B2D0 /* Mock.xcconfig */ = {isa = PBXFileReference; lastKnownFileType = text.xcconfig; path = Mock.xcconfig; sourceTree = "<group>"; };
		E697105328E9AD0300A0B2D0 /* Live.xcconfig */ = {isa = PBXFileReference; lastKnownFileType = text.xcconfig; path = Live.xcconfig; sourceTree = "<group>"; };
		E697105728E9AD9300A0B2D0 /* Config.swift */ = {isa = PBXFileReference; lastKnownFileType = sourcecode.swift; path = Config.swift; sourceTree = "<group>"; };
		E697105E28E9AFBA00A0B2D0 /* iVector--iOS--Info.plist */ = {isa = PBXFileReference; lastKnownFileType = text.plist; path = "iVector--iOS--Info.plist"; sourceTree = "<group>"; };
		E6C35C7A28BFDE220098F78A /* Features */ = {isa = PBXFileReference; lastKnownFileType = wrapper; path = Features; sourceTree = "<group>"; };
		E6E2CB0328C292E300F51AE4 /* iVector--macOS--Info.plist */ = {isa = PBXFileReference; lastKnownFileType = text.plist; path = "iVector--macOS--Info.plist"; sourceTree = "<group>"; };
/* End PBXFileReference section */

/* Begin PBXFrameworksBuildPhase section */
		E67160CF28BCFE8200F79DA2 /* Frameworks */ = {
			isa = PBXFrameworksBuildPhase;
			buildActionMask = 2147483647;
			files = (
				E6C35C1E28BD0D090098F78A /* Connection in Frameworks */,
				E6624C6928C0985200DE292F /* Features in Frameworks */,
				E68461A928DF094700A83CB0 /* ComposableArchitecture in Frameworks */,
				E697106228EAC0DC00A0B2D0 /* Programmator in Frameworks */,
				E60EBA1C28C89DB300B865E2 /* Components in Frameworks */,
			);
			runOnlyForDeploymentPostprocessing = 0;
		};
		E67160D528BCFE8200F79DA2 /* Frameworks */ = {
			isa = PBXFrameworksBuildPhase;
			buildActionMask = 2147483647;
			files = (
				E6C35C7428BF5E140098F78A /* Connection in Frameworks */,
				E6624C6728C0984800DE292F /* Features in Frameworks */,
				E68461D628DF460500A83CB0 /* ComposableArchitecture in Frameworks */,
				E697106428EAC20400A0B2D0 /* Programmator in Frameworks */,
				E60EBA1E28C89DB700B865E2 /* Components in Frameworks */,
			);
			runOnlyForDeploymentPostprocessing = 0;
		};
/* End PBXFrameworksBuildPhase section */

/* Begin PBXGroup section */
		E67160C528BCFE8000F79DA2 = {
			isa = PBXGroup;
			children = (
				E697105E28E9AFBA00A0B2D0 /* iVector--iOS--Info.plist */,
				E697105128E9ACD000A0B2D0 /* Configs */,
				E697104928E5A90900A0B2D0 /* Packages */,
				E6E2CB0328C292E300F51AE4 /* iVector--macOS--Info.plist */,
				E67160CA28BCFE8000F79DA2 /* Shared */,
				E67160D928BCFE8200F79DA2 /* macOS */,
				E67160D328BCFE8200F79DA2 /* Products */,
				E6C35C1C28BD0D090098F78A /* Frameworks */,
			);
			sourceTree = "<group>";
		};
		E67160CA28BCFE8000F79DA2 /* Shared */ = {
			isa = PBXGroup;
			children = (
				E67160CB28BCFE8000F79DA2 /* iVectorApp.swift */,
				E64D7D0328D0A5BD00D99FA5 /* DetailPanel.swift */,
				E64D7CFD28D0A56B00D99FA5 /* HomeTablet.swift */,
				E68461A328DE25A700A83CB0 /* HomePhone.swift */,
				E65921A028D0E216007518C8 /* HomeDesktop.swift */,
				E67160CD28BCFE8200F79DA2 /* Assets.xcassets */,
				E63933A428C1F729007C1F79 /* AppState.swift */,
				E697105728E9AD9300A0B2D0 /* Config.swift */,
			);
			path = Shared;
			sourceTree = "<group>";
		};
		E67160D328BCFE8200F79DA2 /* Products */ = {
			isa = PBXGroup;
			children = (
				E67160D228BCFE8200F79DA2 /* iVector.app */,
				E67160D828BCFE8200F79DA2 /* iVector.app */,
			);
			name = Products;
			sourceTree = "<group>";
		};
		E67160D928BCFE8200F79DA2 /* macOS */ = {
			isa = PBXGroup;
			children = (
				E67160DA28BCFE8200F79DA2 /* macOS.entitlements */,
			);
			path = macOS;
			sourceTree = "<group>";
		};
		E697104928E5A90900A0B2D0 /* Packages */ = {
			isa = PBXGroup;
			children = (
				E6092F0228C7168800AEFF55 /* Components */,
				E6C35C7A28BFDE220098F78A /* Features */,
				E67160E928BCFF0B00F79DA2 /* Connection */,
				E697104A28E5A90900A0B2D0 /* Programmator */,
			);
			name = Packages;
			sourceTree = "<group>";
		};
		E697105128E9ACD000A0B2D0 /* Configs */ = {
			isa = PBXGroup;
			children = (
				E697105228E9ACFB00A0B2D0 /* Mock.xcconfig */,
				E697105328E9AD0300A0B2D0 /* Live.xcconfig */,
			);
			path = Configs;
			sourceTree = "<group>";
		};
		E6C35C1C28BD0D090098F78A /* Frameworks */ = {
			isa = PBXGroup;
			children = (
			);
			name = Frameworks;
			sourceTree = "<group>";
		};
/* End PBXGroup section */

/* Begin PBXNativeTarget section */
		E67160D128BCFE8200F79DA2 /* iVector (iOS) */ = {
			isa = PBXNativeTarget;
			buildConfigurationList = E67160E328BCFE8200F79DA2 /* Build configuration list for PBXNativeTarget "iVector (iOS)" */;
			buildPhases = (
				E67160CE28BCFE8200F79DA2 /* Sources */,
				E67160CF28BCFE8200F79DA2 /* Frameworks */,
				E67160D028BCFE8200F79DA2 /* Resources */,
				E6624C6D28C0A71800DE292F /* ShellScript */,
			);
			buildRules = (
			);
			dependencies = (
				E68461AD28DF129A00A83CB0 /* PBXTargetDependency */,
			);
			name = "iVector (iOS)";
			packageProductDependencies = (
				E6C35C1D28BD0D090098F78A /* Connection */,
				E6624C6828C0985200DE292F /* Features */,
				E60EBA1B28C89DB300B865E2 /* Components */,
				E68461A828DF094700A83CB0 /* ComposableArchitecture */,
				E697106128EAC0DC00A0B2D0 /* Programmator */,
			);
			productName = "iVector (iOS)";
			productReference = E67160D228BCFE8200F79DA2 /* iVector.app */;
			productType = "com.apple.product-type.application";
		};
		E67160D728BCFE8200F79DA2 /* iVector (macOS) */ = {
			isa = PBXNativeTarget;
			buildConfigurationList = E67160E628BCFE8200F79DA2 /* Build configuration list for PBXNativeTarget "iVector (macOS)" */;
			buildPhases = (
				E67160D428BCFE8200F79DA2 /* Sources */,
				E67160D528BCFE8200F79DA2 /* Frameworks */,
				E67160D628BCFE8200F79DA2 /* Resources */,
				E6624C6E28C0A72400DE292F /* ShellScript */,
			);
			buildRules = (
			);
			dependencies = (
				E68461AB28DF129600A83CB0 /* PBXTargetDependency */,
			);
			name = "iVector (macOS)";
			packageProductDependencies = (
				E6C35C7328BF5E140098F78A /* Connection */,
				E6624C6628C0984800DE292F /* Features */,
				E60EBA1D28C89DB700B865E2 /* Components */,
				E68461D528DF460500A83CB0 /* ComposableArchitecture */,
				E697106328EAC20400A0B2D0 /* Programmator */,
			);
			productName = "iVector (macOS)";
			productReference = E67160D828BCFE8200F79DA2 /* iVector.app */;
			productType = "com.apple.product-type.application";
		};
/* End PBXNativeTarget section */

/* Begin PBXProject section */
		E67160C628BCFE8000F79DA2 /* Project object */ = {
			isa = PBXProject;
			attributes = {
				BuildIndependentTargetsInParallel = 1;
				KnownAssetTags = (
					New,
				);
				LastSwiftUpdateCheck = 1330;
				LastUpgradeCheck = 1330;
				TargetAttributes = {
					E67160D128BCFE8200F79DA2 = {
						CreatedOnToolsVersion = 13.3.1;
					};
					E67160D728BCFE8200F79DA2 = {
						CreatedOnToolsVersion = 13.3.1;
					};
				};
			};
			buildConfigurationList = E67160C928BCFE8000F79DA2 /* Build configuration list for PBXProject "iVector" */;
			compatibilityVersion = "Xcode 13.0";
			developmentRegion = en;
			hasScannedForEncodings = 0;
			knownRegions = (
				en,
				Base,
			);
			mainGroup = E67160C528BCFE8000F79DA2;
			packageReferences = (
				E68461A728DF094700A83CB0 /* XCRemoteSwiftPackageReference "swift-composable-architecture" */,
			);
			productRefGroup = E67160D328BCFE8200F79DA2 /* Products */;
			projectDirPath = "";
			projectRoot = "";
			targets = (
				E67160D128BCFE8200F79DA2 /* iVector (iOS) */,
				E67160D728BCFE8200F79DA2 /* iVector (macOS) */,
			);
		};
/* End PBXProject section */

/* Begin PBXResourcesBuildPhase section */
		E67160D028BCFE8200F79DA2 /* Resources */ = {
			isa = PBXResourcesBuildPhase;
			buildActionMask = 2147483647;
			files = (
				E697105A28E9AF3A00A0B2D0 /* Mock.xcconfig in Resources */,
				E697105B28E9AF3A00A0B2D0 /* Live.xcconfig in Resources */,
				E67160DF28BCFE8200F79DA2 /* Assets.xcassets in Resources */,
			);
			runOnlyForDeploymentPostprocessing = 0;
		};
		E67160D628BCFE8200F79DA2 /* Resources */ = {
			isa = PBXResourcesBuildPhase;
			buildActionMask = 2147483647;
			files = (
				E697105C28E9AF3A00A0B2D0 /* Mock.xcconfig in Resources */,
				E697105D28E9AF3A00A0B2D0 /* Live.xcconfig in Resources */,
				E67160E028BCFE8200F79DA2 /* Assets.xcassets in Resources */,
			);
			runOnlyForDeploymentPostprocessing = 0;
		};
/* End PBXResourcesBuildPhase section */

/* Begin PBXShellScriptBuildPhase section */
		E6624C6D28C0A71800DE292F /* ShellScript */ = {
			isa = PBXShellScriptBuildPhase;
			alwaysOutOfDate = 1;
			buildActionMask = 8;
			files = (
			);
			inputFileListPaths = (
			);
			inputPaths = (
			);
			outputFileListPaths = (
			);
			outputPaths = (
			);
			runOnlyForDeploymentPostprocessing = 1;
			shellPath = /bin/sh;
			shellScript = "# Type a script or drag a script file from your workspace to insert its path.\nexport PATH=\"$PATH:/opt/homebrew/bin\"\nif which swiftlint > /dev/null; then\n  swiftlint  --config swiftlint.yml .\nelse\n  echo \"warning: SwiftLint not installed, download from https://github.com/realm/SwiftLint\"\nfi\n\n";
		};
		E6624C6E28C0A72400DE292F /* ShellScript */ = {
			isa = PBXShellScriptBuildPhase;
			buildActionMask = 12;
			files = (
			);
			inputFileListPaths = (
			);
			inputPaths = (
			);
			outputFileListPaths = (
			);
			outputPaths = (
			);
			runOnlyForDeploymentPostprocessing = 0;
			shellPath = /bin/sh;
			shellScript = "# Type a script or drag a script file from your workspace to insert its path.\nexport PATH=\"$PATH:/opt/homebrew/bin\"\nif which swiftlint > /dev/null; then\n  swiftlint  --config swiftlint.yml .\nelse\n  echo \"warning: SwiftLint not installed, download from https://github.com/realm/SwiftLint\"\nfi\n\n";
		};
/* End PBXShellScriptBuildPhase section */

/* Begin PBXSourcesBuildPhase section */
		E67160CE28BCFE8200F79DA2 /* Sources */ = {
			isa = PBXSourcesBuildPhase;
			buildActionMask = 2147483647;
			files = (
				E64D7CFE28D0A56B00D99FA5 /* HomeTablet.swift in Sources */,
				E64D7D0428D0A5BD00D99FA5 /* DetailPanel.swift in Sources */,
				E63933A528C1F729007C1F79 /* AppState.swift in Sources */,
				E68461A428DE25A700A83CB0 /* HomePhone.swift in Sources */,
				E67160DB28BCFE8200F79DA2 /* iVectorApp.swift in Sources */,
				E697105828E9AD9300A0B2D0 /* Config.swift in Sources */,
			);
			runOnlyForDeploymentPostprocessing = 0;
		};
		E67160D428BCFE8200F79DA2 /* Sources */ = {
			isa = PBXSourcesBuildPhase;
			buildActionMask = 2147483647;
			files = (
				E64D7CFF28D0A56B00D99FA5 /* HomeTablet.swift in Sources */,
				E64D7D0528D0A5BD00D99FA5 /* DetailPanel.swift in Sources */,
				E63933A628C1F729007C1F79 /* AppState.swift in Sources */,
				E65921A228D0E216007518C8 /* HomeDesktop.swift in Sources */,
				E67160DC28BCFE8200F79DA2 /* iVectorApp.swift in Sources */,
				E697105928E9AD9300A0B2D0 /* Config.swift in Sources */,
			);
			runOnlyForDeploymentPostprocessing = 0;
		};
/* End PBXSourcesBuildPhase section */

/* Begin PBXTargetDependency section */
		E68461AB28DF129600A83CB0 /* PBXTargetDependency */ = {
			isa = PBXTargetDependency;
			productRef = E68461AA28DF129600A83CB0 /* ComposableArchitecture */;
		};
		E68461AD28DF129A00A83CB0 /* PBXTargetDependency */ = {
			isa = PBXTargetDependency;
			productRef = E68461AC28DF129A00A83CB0 /* ComposableArchitecture */;
		};
/* End PBXTargetDependency section */

/* Begin XCBuildConfiguration section */
		E67160E128BCFE8200F79DA2 /* Debug */ = {
			isa = XCBuildConfiguration;
			buildSettings = {
				ALWAYS_SEARCH_USER_PATHS = NO;
				CLANG_ANALYZER_NONNULL = YES;
				CLANG_ANALYZER_NUMBER_OBJECT_CONVERSION = YES_AGGRESSIVE;
				CLANG_CXX_LANGUAGE_STANDARD = "gnu++17";
				CLANG_ENABLE_MODULES = YES;
				CLANG_ENABLE_OBJC_ARC = YES;
				CLANG_ENABLE_OBJC_WEAK = YES;
				CLANG_WARN_BLOCK_CAPTURE_AUTORELEASING = YES;
				CLANG_WARN_BOOL_CONVERSION = YES;
				CLANG_WARN_COMMA = YES;
				CLANG_WARN_CONSTANT_CONVERSION = YES;
				CLANG_WARN_DEPRECATED_OBJC_IMPLEMENTATIONS = YES;
				CLANG_WARN_DIRECT_OBJC_ISA_USAGE = YES_ERROR;
				CLANG_WARN_DOCUMENTATION_COMMENTS = YES;
				CLANG_WARN_EMPTY_BODY = YES;
				CLANG_WARN_ENUM_CONVERSION = YES;
				CLANG_WARN_INFINITE_RECURSION = YES;
				CLANG_WARN_INT_CONVERSION = YES;
				CLANG_WARN_NON_LITERAL_NULL_CONVERSION = YES;
				CLANG_WARN_OBJC_IMPLICIT_RETAIN_SELF = YES;
				CLANG_WARN_OBJC_LITERAL_CONVERSION = YES;
				CLANG_WARN_OBJC_ROOT_CLASS = YES_ERROR;
				CLANG_WARN_QUOTED_INCLUDE_IN_FRAMEWORK_HEADER = YES;
				CLANG_WARN_RANGE_LOOP_ANALYSIS = YES;
				CLANG_WARN_STRICT_PROTOTYPES = YES;
				CLANG_WARN_SUSPICIOUS_MOVE = YES;
				CLANG_WARN_UNGUARDED_AVAILABILITY = YES_AGGRESSIVE;
				CLANG_WARN_UNREACHABLE_CODE = YES;
				CLANG_WARN__DUPLICATE_METHOD_MATCH = YES;
				COPY_PHASE_STRIP = NO;
				DEBUG_INFORMATION_FORMAT = dwarf;
				ENABLE_STRICT_OBJC_MSGSEND = YES;
				ENABLE_TESTABILITY = YES;
				GCC_C_LANGUAGE_STANDARD = gnu11;
				GCC_DYNAMIC_NO_PIC = NO;
				GCC_NO_COMMON_BLOCKS = YES;
				GCC_OPTIMIZATION_LEVEL = 0;
				GCC_PREPROCESSOR_DEFINITIONS = (
					"DEBUG=1",
					"$(inherited)",
				);
				GCC_WARN_64_TO_32_BIT_CONVERSION = YES;
				GCC_WARN_ABOUT_RETURN_TYPE = YES_ERROR;
				GCC_WARN_UNDECLARED_SELECTOR = YES;
				GCC_WARN_UNINITIALIZED_AUTOS = YES_AGGRESSIVE;
				GCC_WARN_UNUSED_FUNCTION = YES;
				GCC_WARN_UNUSED_VARIABLE = YES;
				MTL_ENABLE_DEBUG_INFO = INCLUDE_SOURCE;
				MTL_FAST_MATH = YES;
				ONLY_ACTIVE_ARCH = YES;
				SWIFT_ACTIVE_COMPILATION_CONDITIONS = DEBUG;
				SWIFT_OPTIMIZATION_LEVEL = "-Onone";
			};
			name = Debug;
		};
		E67160E228BCFE8200F79DA2 /* Release */ = {
			isa = XCBuildConfiguration;
			buildSettings = {
				ALWAYS_SEARCH_USER_PATHS = NO;
				CLANG_ANALYZER_NONNULL = YES;
				CLANG_ANALYZER_NUMBER_OBJECT_CONVERSION = YES_AGGRESSIVE;
				CLANG_CXX_LANGUAGE_STANDARD = "gnu++17";
				CLANG_ENABLE_MODULES = YES;
				CLANG_ENABLE_OBJC_ARC = YES;
				CLANG_ENABLE_OBJC_WEAK = YES;
				CLANG_WARN_BLOCK_CAPTURE_AUTORELEASING = YES;
				CLANG_WARN_BOOL_CONVERSION = YES;
				CLANG_WARN_COMMA = YES;
				CLANG_WARN_CONSTANT_CONVERSION = YES;
				CLANG_WARN_DEPRECATED_OBJC_IMPLEMENTATIONS = YES;
				CLANG_WARN_DIRECT_OBJC_ISA_USAGE = YES_ERROR;
				CLANG_WARN_DOCUMENTATION_COMMENTS = YES;
				CLANG_WARN_EMPTY_BODY = YES;
				CLANG_WARN_ENUM_CONVERSION = YES;
				CLANG_WARN_INFINITE_RECURSION = YES;
				CLANG_WARN_INT_CONVERSION = YES;
				CLANG_WARN_NON_LITERAL_NULL_CONVERSION = YES;
				CLANG_WARN_OBJC_IMPLICIT_RETAIN_SELF = YES;
				CLANG_WARN_OBJC_LITERAL_CONVERSION = YES;
				CLANG_WARN_OBJC_ROOT_CLASS = YES_ERROR;
				CLANG_WARN_QUOTED_INCLUDE_IN_FRAMEWORK_HEADER = YES;
				CLANG_WARN_RANGE_LOOP_ANALYSIS = YES;
				CLANG_WARN_STRICT_PROTOTYPES = YES;
				CLANG_WARN_SUSPICIOUS_MOVE = YES;
				CLANG_WARN_UNGUARDED_AVAILABILITY = YES_AGGRESSIVE;
				CLANG_WARN_UNREACHABLE_CODE = YES;
				CLANG_WARN__DUPLICATE_METHOD_MATCH = YES;
				COPY_PHASE_STRIP = NO;
				DEBUG_INFORMATION_FORMAT = "dwarf-with-dsym";
				ENABLE_NS_ASSERTIONS = NO;
				ENABLE_STRICT_OBJC_MSGSEND = YES;
				GCC_C_LANGUAGE_STANDARD = gnu11;
				GCC_NO_COMMON_BLOCKS = YES;
				GCC_WARN_64_TO_32_BIT_CONVERSION = YES;
				GCC_WARN_ABOUT_RETURN_TYPE = YES_ERROR;
				GCC_WARN_UNDECLARED_SELECTOR = YES;
				GCC_WARN_UNINITIALIZED_AUTOS = YES_AGGRESSIVE;
				GCC_WARN_UNUSED_FUNCTION = YES;
				GCC_WARN_UNUSED_VARIABLE = YES;
				MTL_ENABLE_DEBUG_INFO = NO;
				MTL_FAST_MATH = YES;
				SWIFT_COMPILATION_MODE = wholemodule;
				SWIFT_OPTIMIZATION_LEVEL = "-O";
			};
			name = Release;
		};
		E67160E428BCFE8200F79DA2 /* Debug */ = {
			isa = XCBuildConfiguration;
			baseConfigurationReference = E697105328E9AD0300A0B2D0 /* Live.xcconfig */;
			buildSettings = {
				ASSETCATALOG_COMPILER_APPICON_NAME = AppIcon;
				"ASSETCATALOG_COMPILER_APPICON_NAME[sdk=iphoneos*]" = AppIcon;
				ASSETCATALOG_COMPILER_GLOBAL_ACCENT_COLOR_NAME = AccentColor;
				CODE_SIGN_IDENTITY = "iPhone Developer";
				CODE_SIGN_STYLE = Manual;
				CURRENT_PROJECT_VERSION = 1;
				DEVELOPMENT_TEAM = K8GMF5PASC;
				ENABLE_PREVIEWS = YES;
				GENERATE_INFOPLIST_FILE = YES;
				INFOPLIST_FILE = "iVector--iOS--Info.plist";
				INFOPLIST_KEY_LSApplicationCategoryType = "public.app-category.utilities";
				INFOPLIST_KEY_NSMicrophoneUsageDescription = "Allow vector to access your mic";
				INFOPLIST_KEY_NSSpeechRecognitionUsageDescription = "Vector is listening!";
				INFOPLIST_KEY_UIApplicationSceneManifest_Generation = YES;
				INFOPLIST_KEY_UIApplicationSupportsIndirectInputEvents = YES;
				INFOPLIST_KEY_UILaunchScreen_Generation = YES;
				INFOPLIST_KEY_UISupportedInterfaceOrientations = "UIInterfaceOrientationPortrait UIInterfaceOrientationPortraitUpsideDown";
				INFOPLIST_KEY_UISupportedInterfaceOrientations_iPad = "UIInterfaceOrientationLandscapeLeft UIInterfaceOrientationLandscapeRight";
				IPHONEOS_DEPLOYMENT_TARGET = 16.0;
				LD_RUNPATH_SEARCH_PATHS = (
					"$(inherited)",
					"@executable_path/Frameworks",
				);
				MARKETING_VERSION = 1.0;
				PRODUCT_BUNDLE_IDENTIFIER = com.mirfirstsnow.ivector;
				PRODUCT_NAME = iVector;
				PROVISIONING_PROFILE_SPECIFIER = iVector;
				SDKROOT = iphoneos;
				SWIFT_EMIT_LOC_STRINGS = YES;
				SWIFT_VERSION = 5.0;
				TARGETED_DEVICE_FAMILY = "1,2";
			};
			name = Debug;
		};
		E67160E528BCFE8200F79DA2 /* Release */ = {
			isa = XCBuildConfiguration;
			baseConfigurationReference = E697105328E9AD0300A0B2D0 /* Live.xcconfig */;
			buildSettings = {
				ASSETCATALOG_COMPILER_APPICON_NAME = AppIcon;
				ASSETCATALOG_COMPILER_GLOBAL_ACCENT_COLOR_NAME = AccentColor;
				CODE_SIGN_IDENTITY = "iPhone Developer";
				CODE_SIGN_STYLE = Manual;
				CURRENT_PROJECT_VERSION = 1;
				DEVELOPMENT_TEAM = K8GMF5PASC;
				ENABLE_PREVIEWS = YES;
				GENERATE_INFOPLIST_FILE = YES;
				INFOPLIST_FILE = "iVector--iOS--Info.plist";
				INFOPLIST_KEY_LSApplicationCategoryType = "public.app-category.utilities";
				INFOPLIST_KEY_NSMicrophoneUsageDescription = "Allow vector to access your mic";
				INFOPLIST_KEY_NSSpeechRecognitionUsageDescription = "Vector is listening!";
				INFOPLIST_KEY_UIApplicationSceneManifest_Generation = YES;
				INFOPLIST_KEY_UIApplicationSupportsIndirectInputEvents = YES;
				INFOPLIST_KEY_UILaunchScreen_Generation = YES;
				INFOPLIST_KEY_UISupportedInterfaceOrientations = "UIInterfaceOrientationPortrait UIInterfaceOrientationPortraitUpsideDown";
				INFOPLIST_KEY_UISupportedInterfaceOrientations_iPad = "UIInterfaceOrientationLandscapeLeft UIInterfaceOrientationLandscapeRight";
				IPHONEOS_DEPLOYMENT_TARGET = 16.0;
				LD_RUNPATH_SEARCH_PATHS = (
					"$(inherited)",
					"@executable_path/Frameworks",
				);
				MARKETING_VERSION = 1.0;
				PRODUCT_BUNDLE_IDENTIFIER = com.mirfirstsnow.ivector;
				PRODUCT_NAME = iVector;
				PROVISIONING_PROFILE_SPECIFIER = iVector;
				SDKROOT = iphoneos;
				SWIFT_EMIT_LOC_STRINGS = YES;
				SWIFT_VERSION = 5.0;
				TARGETED_DEVICE_FAMILY = "1,2";
				VALIDATE_PRODUCT = YES;
			};
			name = Release;
		};
		E67160E728BCFE8200F79DA2 /* Debug */ = {
			isa = XCBuildConfiguration;
			baseConfigurationReference = E697105328E9AD0300A0B2D0 /* Live.xcconfig */;
			buildSettings = {
				ASSETCATALOG_COMPILER_APPICON_NAME = AppIcon;
				ASSETCATALOG_COMPILER_GLOBAL_ACCENT_COLOR_NAME = AccentColor;
				CODE_SIGN_ENTITLEMENTS = macOS/macOS.entitlements;
				CODE_SIGN_IDENTITY = "Mac Developer";
				CODE_SIGN_STYLE = Manual;
				COMBINE_HIDPI_IMAGES = YES;
				CURRENT_PROJECT_VERSION = 1;
				DEVELOPMENT_TEAM = K8GMF5PASC;
				ENABLE_HARDENED_RUNTIME = YES;
				ENABLE_PREVIEWS = YES;
				GENERATE_INFOPLIST_FILE = YES;
				INFOPLIST_FILE = "iVector--macOS--Info.plist";
				INFOPLIST_KEY_NSHumanReadableCopyright = "";
				INFOPLIST_KEY_NSSpeechRecognitionUsageDescription = "Vector is listening!";
				LD_RUNPATH_SEARCH_PATHS = (
					"$(inherited)",
					"@executable_path/../Frameworks",
				);
				MACOSX_DEPLOYMENT_TARGET = 13.0;
				MARKETING_VERSION = 1.0;
				PRODUCT_BUNDLE_IDENTIFIER = com.mirfirstsnow.ivector;
				PRODUCT_NAME = iVector;
				PROVISIONING_PROFILE_SPECIFIER = "";
				SDKROOT = macosx;
				SWIFT_EMIT_LOC_STRINGS = YES;
				SWIFT_VERSION = 5.0;
			};
			name = Debug;
		};
		E67160E828BCFE8200F79DA2 /* Release */ = {
			isa = XCBuildConfiguration;
			baseConfigurationReference = E697105328E9AD0300A0B2D0 /* Live.xcconfig */;
			buildSettings = {
				ASSETCATALOG_COMPILER_APPICON_NAME = AppIcon;
				ASSETCATALOG_COMPILER_GLOBAL_ACCENT_COLOR_NAME = AccentColor;
				CODE_SIGN_ENTITLEMENTS = macOS/macOS.entitlements;
				CODE_SIGN_IDENTITY = "Mac Developer";
				CODE_SIGN_STYLE = Manual;
				COMBINE_HIDPI_IMAGES = YES;
				CURRENT_PROJECT_VERSION = 1;
				DEVELOPMENT_TEAM = "";
				"DEVELOPMENT_TEAM[sdk=macosx*]" = K8GMF5PASC;
				ENABLE_HARDENED_RUNTIME = YES;
				ENABLE_PREVIEWS = YES;
				GENERATE_INFOPLIST_FILE = YES;
				INFOPLIST_FILE = "iVector--macOS--Info.plist";
				INFOPLIST_KEY_NSHumanReadableCopyright = "";
				INFOPLIST_KEY_NSSpeechRecognitionUsageDescription = "Vector is listening!";
				LD_RUNPATH_SEARCH_PATHS = (
					"$(inherited)",
					"@executable_path/../Frameworks",
				);
				MACOSX_DEPLOYMENT_TARGET = 13.0;
				MARKETING_VERSION = 1.0;
				PRODUCT_BUNDLE_IDENTIFIER = com.mirfirstsnow.oligarch.ivector;
				PRODUCT_NAME = iVector;
				PROVISIONING_PROFILE_SPECIFIER = "";
				SDKROOT = macosx;
				SWIFT_EMIT_LOC_STRINGS = YES;
				SWIFT_VERSION = 5.0;
			};
			name = Release;
		};
		E697105428E9AD2500A0B2D0 /* Mock */ = {
			isa = XCBuildConfiguration;
			buildSettings = {
				ALWAYS_SEARCH_USER_PATHS = NO;
				CLANG_ANALYZER_NONNULL = YES;
				CLANG_ANALYZER_NUMBER_OBJECT_CONVERSION = YES_AGGRESSIVE;
				CLANG_CXX_LANGUAGE_STANDARD = "gnu++17";
				CLANG_ENABLE_MODULES = YES;
				CLANG_ENABLE_OBJC_ARC = YES;
				CLANG_ENABLE_OBJC_WEAK = YES;
				CLANG_WARN_BLOCK_CAPTURE_AUTORELEASING = YES;
				CLANG_WARN_BOOL_CONVERSION = YES;
				CLANG_WARN_COMMA = YES;
				CLANG_WARN_CONSTANT_CONVERSION = YES;
				CLANG_WARN_DEPRECATED_OBJC_IMPLEMENTATIONS = YES;
				CLANG_WARN_DIRECT_OBJC_ISA_USAGE = YES_ERROR;
				CLANG_WARN_DOCUMENTATION_COMMENTS = YES;
				CLANG_WARN_EMPTY_BODY = YES;
				CLANG_WARN_ENUM_CONVERSION = YES;
				CLANG_WARN_INFINITE_RECURSION = YES;
				CLANG_WARN_INT_CONVERSION = YES;
				CLANG_WARN_NON_LITERAL_NULL_CONVERSION = YES;
				CLANG_WARN_OBJC_IMPLICIT_RETAIN_SELF = YES;
				CLANG_WARN_OBJC_LITERAL_CONVERSION = YES;
				CLANG_WARN_OBJC_ROOT_CLASS = YES_ERROR;
				CLANG_WARN_QUOTED_INCLUDE_IN_FRAMEWORK_HEADER = YES;
				CLANG_WARN_RANGE_LOOP_ANALYSIS = YES;
				CLANG_WARN_STRICT_PROTOTYPES = YES;
				CLANG_WARN_SUSPICIOUS_MOVE = YES;
				CLANG_WARN_UNGUARDED_AVAILABILITY = YES_AGGRESSIVE;
				CLANG_WARN_UNREACHABLE_CODE = YES;
				CLANG_WARN__DUPLICATE_METHOD_MATCH = YES;
				COPY_PHASE_STRIP = NO;
				DEBUG_INFORMATION_FORMAT = dwarf;
				ENABLE_STRICT_OBJC_MSGSEND = YES;
				ENABLE_TESTABILITY = YES;
				GCC_C_LANGUAGE_STANDARD = gnu11;
				GCC_DYNAMIC_NO_PIC = NO;
				GCC_NO_COMMON_BLOCKS = YES;
				GCC_OPTIMIZATION_LEVEL = 0;
				GCC_PREPROCESSOR_DEFINITIONS = (
					"DEBUG=1",
					"$(inherited)",
				);
				GCC_WARN_64_TO_32_BIT_CONVERSION = YES;
				GCC_WARN_ABOUT_RETURN_TYPE = YES_ERROR;
				GCC_WARN_UNDECLARED_SELECTOR = YES;
				GCC_WARN_UNINITIALIZED_AUTOS = YES_AGGRESSIVE;
				GCC_WARN_UNUSED_FUNCTION = YES;
				GCC_WARN_UNUSED_VARIABLE = YES;
				MTL_ENABLE_DEBUG_INFO = INCLUDE_SOURCE;
				MTL_FAST_MATH = YES;
				ONLY_ACTIVE_ARCH = YES;
				SWIFT_ACTIVE_COMPILATION_CONDITIONS = DEBUG;
				SWIFT_OPTIMIZATION_LEVEL = "-Onone";
			};
			name = Mock;
		};
		E697105528E9AD2500A0B2D0 /* Mock */ = {
			isa = XCBuildConfiguration;
			baseConfigurationReference = E697105228E9ACFB00A0B2D0 /* Mock.xcconfig */;
			buildSettings = {
				ASSETCATALOG_COMPILER_APPICON_NAME = AppIcon;
				"ASSETCATALOG_COMPILER_APPICON_NAME[sdk=iphoneos*]" = AppIcon;
				ASSETCATALOG_COMPILER_GLOBAL_ACCENT_COLOR_NAME = AccentColor;
				CODE_SIGN_IDENTITY = "iPhone Developer";
				CODE_SIGN_STYLE = Manual;
				CURRENT_PROJECT_VERSION = 1;
				DEVELOPMENT_TEAM = K8GMF5PASC;
				ENABLE_PREVIEWS = YES;
				GENERATE_INFOPLIST_FILE = YES;
				INFOPLIST_FILE = "iVector--iOS--Info.plist";
				INFOPLIST_KEY_LSApplicationCategoryType = "public.app-category.utilities";
				INFOPLIST_KEY_NSMicrophoneUsageDescription = "Allow vector to access your mic";
				INFOPLIST_KEY_NSSpeechRecognitionUsageDescription = "Vector is listening!";
				INFOPLIST_KEY_UIApplicationSceneManifest_Generation = YES;
				INFOPLIST_KEY_UIApplicationSupportsIndirectInputEvents = YES;
				INFOPLIST_KEY_UILaunchScreen_Generation = YES;
				INFOPLIST_KEY_UISupportedInterfaceOrientations = "UIInterfaceOrientationPortrait UIInterfaceOrientationPortraitUpsideDown";
				INFOPLIST_KEY_UISupportedInterfaceOrientations_iPad = "UIInterfaceOrientationLandscapeLeft UIInterfaceOrientationLandscapeRight";
				IPHONEOS_DEPLOYMENT_TARGET = 16.0;
				LD_RUNPATH_SEARCH_PATHS = (
					"$(inherited)",
					"@executable_path/Frameworks",
				);
				MARKETING_VERSION = 1.0;
				PRODUCT_BUNDLE_IDENTIFIER = com.mirfirstsnow.ivector;
				PRODUCT_NAME = iVector;
				PROVISIONING_PROFILE_SPECIFIER = iVector;
				SDKROOT = iphoneos;
				SWIFT_EMIT_LOC_STRINGS = YES;
				SWIFT_VERSION = 5.0;
				TARGETED_DEVICE_FAMILY = "1,2";
			};
			name = Mock;
		};
		E697105628E9AD2500A0B2D0 /* Mock */ = {
			isa = XCBuildConfiguration;
			baseConfigurationReference = E697105228E9ACFB00A0B2D0 /* Mock.xcconfig */;
			buildSettings = {
				ASSETCATALOG_COMPILER_APPICON_NAME = AppIcon;
				ASSETCATALOG_COMPILER_GLOBAL_ACCENT_COLOR_NAME = AccentColor;
				CODE_SIGN_ENTITLEMENTS = macOS/macOS.entitlements;
				CODE_SIGN_IDENTITY = "Mac Developer";
				CODE_SIGN_STYLE = Manual;
				COMBINE_HIDPI_IMAGES = YES;
				CURRENT_PROJECT_VERSION = 1;
				DEVELOPMENT_TEAM = K8GMF5PASC;
				ENABLE_HARDENED_RUNTIME = YES;
				ENABLE_PREVIEWS = YES;
				GENERATE_INFOPLIST_FILE = YES;
				INFOPLIST_FILE = "iVector--macOS--Info.plist";
				INFOPLIST_KEY_NSHumanReadableCopyright = "";
				INFOPLIST_KEY_NSSpeechRecognitionUsageDescription = "Vector is listening!";
				LD_RUNPATH_SEARCH_PATHS = (
					"$(inherited)",
					"@executable_path/../Frameworks",
				);
				MACOSX_DEPLOYMENT_TARGET = 13.0;
				MARKETING_VERSION = 1.0;
				PRODUCT_BUNDLE_IDENTIFIER = com.mirfirstsnow.ivector;
				PRODUCT_NAME = iVector;
				PROVISIONING_PROFILE_SPECIFIER = "";
				SDKROOT = macosx;
				SWIFT_EMIT_LOC_STRINGS = YES;
				SWIFT_VERSION = 5.0;
			};
			name = Mock;
		};
/* End XCBuildConfiguration section */

/* Begin XCConfigurationList section */
		E67160C928BCFE8000F79DA2 /* Build configuration list for PBXProject "iVector" */ = {
			isa = XCConfigurationList;
			buildConfigurations = (
				E67160E128BCFE8200F79DA2 /* Debug */,
				E697105428E9AD2500A0B2D0 /* Mock */,
				E67160E228BCFE8200F79DA2 /* Release */,
			);
			defaultConfigurationIsVisible = 0;
			defaultConfigurationName = Release;
		};
		E67160E328BCFE8200F79DA2 /* Build configuration list for PBXNativeTarget "iVector (iOS)" */ = {
			isa = XCConfigurationList;
			buildConfigurations = (
				E67160E428BCFE8200F79DA2 /* Debug */,
				E697105528E9AD2500A0B2D0 /* Mock */,
				E67160E528BCFE8200F79DA2 /* Release */,
			);
			defaultConfigurationIsVisible = 0;
			defaultConfigurationName = Release;
		};
		E67160E628BCFE8200F79DA2 /* Build configuration list for PBXNativeTarget "iVector (macOS)" */ = {
			isa = XCConfigurationList;
			buildConfigurations = (
				E67160E728BCFE8200F79DA2 /* Debug */,
				E697105628E9AD2500A0B2D0 /* Mock */,
				E67160E828BCFE8200F79DA2 /* Release */,
			);
			defaultConfigurationIsVisible = 0;
			defaultConfigurationName = Release;
		};
/* End XCConfigurationList section */

/* Begin XCRemoteSwiftPackageReference section */
		E68461A728DF094700A83CB0 /* XCRemoteSwiftPackageReference "swift-composable-architecture" */ = {
			isa = XCRemoteSwiftPackageReference;
			repositoryURL = "https://github.com/pointfreeco/swift-composable-architecture";
			requirement = {
				branch = main;
				kind = branch;
			};
		};
/* End XCRemoteSwiftPackageReference section */

/* Begin XCSwiftPackageProductDependency section */
		E60EBA1B28C89DB300B865E2 /* Components */ = {
			isa = XCSwiftPackageProductDependency;
			productName = Components;
		};
		E60EBA1D28C89DB700B865E2 /* Components */ = {
			isa = XCSwiftPackageProductDependency;
			productName = Components;
		};
		E6624C6628C0984800DE292F /* Features */ = {
			isa = XCSwiftPackageProductDependency;
			productName = Features;
		};
		E6624C6828C0985200DE292F /* Features */ = {
			isa = XCSwiftPackageProductDependency;
			productName = Features;
		};
		E68461A828DF094700A83CB0 /* ComposableArchitecture */ = {
			isa = XCSwiftPackageProductDependency;
			package = E68461A728DF094700A83CB0 /* XCRemoteSwiftPackageReference "swift-composable-architecture" */;
			productName = ComposableArchitecture;
		};
		E68461AA28DF129600A83CB0 /* ComposableArchitecture */ = {
			isa = XCSwiftPackageProductDependency;
			package = E68461A728DF094700A83CB0 /* XCRemoteSwiftPackageReference "swift-composable-architecture" */;
			productName = ComposableArchitecture;
		};
		E68461AC28DF129A00A83CB0 /* ComposableArchitecture */ = {
			isa = XCSwiftPackageProductDependency;
			package = E68461A728DF094700A83CB0 /* XCRemoteSwiftPackageReference "swift-composable-architecture" */;
			productName = ComposableArchitecture;
		};
		E68461D528DF460500A83CB0 /* ComposableArchitecture */ = {
			isa = XCSwiftPackageProductDependency;
			package = E68461A728DF094700A83CB0 /* XCRemoteSwiftPackageReference "swift-composable-architecture" */;
			productName = ComposableArchitecture;
		};
		E697106128EAC0DC00A0B2D0 /* Programmator */ = {
			isa = XCSwiftPackageProductDependency;
			productName = Programmator;
		};
		E697106328EAC20400A0B2D0 /* Programmator */ = {
			isa = XCSwiftPackageProductDependency;
			productName = Programmator;
		};
		E6C35C1D28BD0D090098F78A /* Connection */ = {
			isa = XCSwiftPackageProductDependency;
			productName = Connection;
		};
		E6C35C7328BF5E140098F78A /* Connection */ = {
			isa = XCSwiftPackageProductDependency;
			productName = Connection;
		};
/* End XCSwiftPackageProductDependency section */
	};
	rootObject = E67160C628BCFE8000F79DA2 /* Project object */;
}
